
Microsoft Visual Studio Solution File, Format Version 12.00
# Visual Studio Version 17
VisualStudioVersion = 17.0.31919.166
MinimumVisualStudioVersion = 10.0.40219.1
Project("{FAE04EC0-301F-11D3-BF4B-00C04F79EFBC}") = "riprema za provjeru znanja 1 polugodište 3 Zadatak", "riprema za provjeru znanja 1 polugodište 3 Zadatak.csproj", "{4470F2DB-BABD-486D-991E-5199B0BD8973}"
EndProject
Global
	GlobalSection(SolutionConfigurationPlatforms) = preSolution
		Debug|Any CPU = Debug|Any CPU
		Release|Any CPU = Release|Any CPU
	EndGlobalSection
	GlobalSection(ProjectConfigurationPlatforms) = postSolution
		{4470F2DB-BABD-486D-991E-5199B0BD8973}.Debug|Any CPU.ActiveCfg = Debug|Any CPU
		{4470F2DB-BABD-486D-991E-5199B0BD8973}.Debug|Any CPU.Build.0 = Debug|Any CPU
		{4470F2DB-BABD-486D-991E-5199B0BD8973}.Release|Any CPU.ActiveCfg = Release|Any CPU
		{4470F2DB-BABD-486D-991E-5199B0BD8973}.Release|Any CPU.Build.0 = Release|Any CPU
	EndGlobalSection
	GlobalSection(SolutionProperties) = preSolution
		HideSolutionNode = FALSE
	EndGlobalSection
	GlobalSection(ExtensibilityGlobals) = postSolution
		SolutionGuid = {557D4DF2-0D97-4BA6-9319-81182F86EBA0}
	EndGlobalSection
EndGlobal
