
Microsoft Visual Studio Solution File, Format Version 12.00
# Visual Studio Version 17
VisualStudioVersion = 17.0.31919.166
MinimumVisualStudioVersion = 10.0.40219.1
Project("{FAE04EC0-301F-11D3-BF4B-00C04F79EFBC}") = "Priprema za provjeru znanja 1. polugodište 2 Zadatak", "Priprema za provjeru znanja 1. polugodište 2 Zadatak.csproj", "{32596721-A8BF-47B7-B9EF-C2FAF6F2A4CC}"
EndProject
Global
	GlobalSection(SolutionConfigurationPlatforms) = preSolution
		Debug|Any CPU = Debug|Any CPU
		Release|Any CPU = Release|Any CPU
	EndGlobalSection
	GlobalSection(ProjectConfigurationPlatforms) = postSolution
		{32596721-A8BF-47B7-B9EF-C2FAF6F2A4CC}.Debug|Any CPU.ActiveCfg = Debug|Any CPU
		{32596721-A8BF-47B7-B9EF-C2FAF6F2A4CC}.Debug|Any CPU.Build.0 = Debug|Any CPU
		{32596721-A8BF-47B7-B9EF-C2FAF6F2A4CC}.Release|Any CPU.ActiveCfg = Release|Any CPU
		{32596721-A8BF-47B7-B9EF-C2FAF6F2A4CC}.Release|Any CPU.Build.0 = Release|Any CPU
	EndGlobalSection
	GlobalSection(SolutionProperties) = preSolution
		HideSolutionNode = FALSE
	EndGlobalSection
	GlobalSection(ExtensibilityGlobals) = postSolution
		SolutionGuid = {02B12E26-255F-4FE9-B037-D490F969ACD9}
	EndGlobalSection
EndGlobal
